// !$*UTF8*$!
{
	archiveVersion = 1;
	classes = {
	};
	objectVersion = 56;
	objects = {

/* Begin PBXBuildFile section */
		1C1C27D82D0750C2007FAC44 /* IssuerDetailsView.xib in Resources */ = {isa = PBXBuildFile; fileRef = 1C1C27D72D0750C2007FAC44 /* IssuerDetailsView.xib */; };
		1C2A5D762C0A67F1009C98F1 /* CredentialListItemCell.xib in Resources */ = {isa = PBXBuildFile; fileRef = 1C2A5D3D2C0A67F1009C98F1 /* CredentialListItemCell.xib */; };
		1C2A5D772C0A67F1009C98F1 /* ItemPickerTableViewCell.xib in Resources */ = {isa = PBXBuildFile; fileRef = 1C2A5D3E2C0A67F1009C98F1 /* ItemPickerTableViewCell.xib */; };
		1C2A5D782C0A67F1009C98F1 /* LaunchScreen.storyboard in Resources */ = {isa = PBXBuildFile; fileRef = 1C2A5D402C0A67F1009C98F1 /* LaunchScreen.storyboard */; };
		1C2A5D792C0A67F1009C98F1 /* Main.storyboard in Resources */ = {isa = PBXBuildFile; fileRef = 1C2A5D422C0A67F1009C98F1 /* Main.storyboard */; };
		1C2A5D7A2C0A67F1009C98F1 /* CredentialListItem.swift in Sources */ = {isa = PBXBuildFile; fileRef = 1C2A5D442C0A67F1009C98F1 /* CredentialListItem.swift */; };
		1C2A5D7B2C0A67F1009C98F1 /* PickerItem.swift in Sources */ = {isa = PBXBuildFile; fileRef = 1C2A5D452C0A67F1009C98F1 /* PickerItem.swift */; };
		1C2A5D7C2C0A67F1009C98F1 /* CredentialListItemCell.swift in Sources */ = {isa = PBXBuildFile; fileRef = 1C2A5D472C0A67F1009C98F1 /* CredentialListItemCell.swift */; };
		1C2A5D7D2C0A67F1009C98F1 /* ItemPickerTableViewCell.swift in Sources */ = {isa = PBXBuildFile; fileRef = 1C2A5D482C0A67F1009C98F1 /* ItemPickerTableViewCell.swift */; };
		1C2A5D7F2C0A67F1009C98F1 /* BaseView.swift in Sources */ = {isa = PBXBuildFile; fileRef = 1C2A5D4B2C0A67F1009C98F1 /* BaseView.swift */; };
		1C2A5D802C0A67F1009C98F1 /* BaseViewController.swift in Sources */ = {isa = PBXBuildFile; fileRef = 1C2A5D4C2C0A67F1009C98F1 /* BaseViewController.swift */; };
		1C2A5D812C0A67F1009C98F1 /* BaseViewModel.swift in Sources */ = {isa = PBXBuildFile; fileRef = 1C2A5D4D2C0A67F1009C98F1 /* BaseViewModel.swift */; };
		1C2A5D822C0A67F1009C98F1 /* CredentialDetailsView.swift in Sources */ = {isa = PBXBuildFile; fileRef = 1C2A5D4F2C0A67F1009C98F1 /* CredentialDetailsView.swift */; };
		1C2A5D832C0A67F1009C98F1 /* CredentialDetailsViewController.swift in Sources */ = {isa = PBXBuildFile; fileRef = 1C2A5D502C0A67F1009C98F1 /* CredentialDetailsViewController.swift */; };
		1C2A5D842C0A67F1009C98F1 /* CredentialDetailsViewModel.swift in Sources */ = {isa = PBXBuildFile; fileRef = 1C2A5D512C0A67F1009C98F1 /* CredentialDetailsViewModel.swift */; };
		1C2A5D852C0A67F1009C98F1 /* HomeView.swift in Sources */ = {isa = PBXBuildFile; fileRef = 1C2A5D532C0A67F1009C98F1 /* HomeView.swift */; };
		1C2A5D862C0A67F1009C98F1 /* HomeViewController.swift in Sources */ = {isa = PBXBuildFile; fileRef = 1C2A5D542C0A67F1009C98F1 /* HomeViewController.swift */; };
		1C2A5D872C0A67F1009C98F1 /* HomeViewModel.swift in Sources */ = {isa = PBXBuildFile; fileRef = 1C2A5D552C0A67F1009C98F1 /* HomeViewModel.swift */; };
		1C2A5D882C0A67F1009C98F1 /* PickerListener.swift in Sources */ = {isa = PBXBuildFile; fileRef = 1C2A5D572C0A67F1009C98F1 /* PickerListener.swift */; };
		1C2A5D892C0A67F1009C98F1 /* PickerView.swift in Sources */ = {isa = PBXBuildFile; fileRef = 1C2A5D582C0A67F1009C98F1 /* PickerView.swift */; };
		1C2A5D8A2C0A67F1009C98F1 /* PickerViewController.swift in Sources */ = {isa = PBXBuildFile; fileRef = 1C2A5D592C0A67F1009C98F1 /* PickerViewController.swift */; };
		1C2A5D8B2C0A67F1009C98F1 /* PickerViewModel.swift in Sources */ = {isa = PBXBuildFile; fileRef = 1C2A5D5A2C0A67F1009C98F1 /* PickerViewModel.swift */; };
		1C2A5D8C2C0A67F1009C98F1 /* QRScannerView.swift in Sources */ = {isa = PBXBuildFile; fileRef = 1C2A5D5C2C0A67F1009C98F1 /* QRScannerView.swift */; };
		1C2A5D8D2C0A67F1009C98F1 /* QRScannerViewController.swift in Sources */ = {isa = PBXBuildFile; fileRef = 1C2A5D5D2C0A67F1009C98F1 /* QRScannerViewController.swift */; };
		1C2A5D8E2C0A67F1009C98F1 /* QRScannerViewModel.swift in Sources */ = {isa = PBXBuildFile; fileRef = 1C2A5D5E2C0A67F1009C98F1 /* QRScannerViewModel.swift */; };
		1C2A5D8F2C0A67F1009C98F1 /* WaitOverlayView.swift in Sources */ = {isa = PBXBuildFile; fileRef = 1C2A5D602C0A67F1009C98F1 /* WaitOverlayView.swift */; };
		1C2A5D902C0A67F1009C98F1 /* WalletCoordinator.swift in Sources */ = {isa = PBXBuildFile; fileRef = 1C2A5D622C0A67F1009C98F1 /* WalletCoordinator.swift */; };
		1C2A5D912C0A67F1009C98F1 /* ApplicationUiCallbackHandler.swift in Sources */ = {isa = PBXBuildFile; fileRef = 1C2A5D642C0A67F1009C98F1 /* ApplicationUiCallbackHandler.swift */; };
		1C2A5D922C0A67F1009C98F1 /* CredentialPicker.swift in Sources */ = {isa = PBXBuildFile; fileRef = 1C2A5D652C0A67F1009C98F1 /* CredentialPicker.swift */; };
		1C2A5D932C0A67F1009C98F1 /* PingOneWalletHelper.swift in Sources */ = {isa = PBXBuildFile; fileRef = 1C2A5D662C0A67F1009C98F1 /* PingOneWalletHelper.swift */; };
		1C2A5D942C0A67F1009C98F1 /* ApplicationUiHandler.swift in Sources */ = {isa = PBXBuildFile; fileRef = 1C2A5D682C0A67F1009C98F1 /* ApplicationUiHandler.swift */; };
		1C2A5D952C0A67F1009C98F1 /* ConnectivityUtils.swift in Sources */ = {isa = PBXBuildFile; fileRef = 1C2A5D692C0A67F1009C98F1 /* ConnectivityUtils.swift */; };
		1C2A5D962C0A67F1009C98F1 /* Date+String.swift in Sources */ = {isa = PBXBuildFile; fileRef = 1C2A5D6A2C0A67F1009C98F1 /* Date+String.swift */; };
		1C2A5D972C0A67F1009C98F1 /* DateUtils.swift in Sources */ = {isa = PBXBuildFile; fileRef = 1C2A5D6B2C0A67F1009C98F1 /* DateUtils.swift */; };
		1C2A5D982C0A67F1009C98F1 /* DefaultCredentialPicker.swift in Sources */ = {isa = PBXBuildFile; fileRef = 1C2A5D6C2C0A67F1009C98F1 /* DefaultCredentialPicker.swift */; };
		1C2A5D992C0A67F1009C98F1 /* UIColor+Hex.swift in Sources */ = {isa = PBXBuildFile; fileRef = 1C2A5D6D2C0A67F1009C98F1 /* UIColor+Hex.swift */; };
		1C2A5D9A2C0A67F1009C98F1 /* UIImage+FromSVG.swift in Sources */ = {isa = PBXBuildFile; fileRef = 1C2A5D6E2C0A67F1009C98F1 /* UIImage+FromSVG.swift */; };
		1C2A5D9B2C0A67F1009C98F1 /* UIImage+Orientation.swift in Sources */ = {isa = PBXBuildFile; fileRef = 1C2A5D6F2C0A67F1009C98F1 /* UIImage+Orientation.swift */; };
		1C2A5D9C2C0A67F1009C98F1 /* UIImage+Thumbnail.swift in Sources */ = {isa = PBXBuildFile; fileRef = 1C2A5D702C0A67F1009C98F1 /* UIImage+Thumbnail.swift */; };
		1C2A5D9D2C0A67F1009C98F1 /* EventObserver.swift in Sources */ = {isa = PBXBuildFile; fileRef = 1C2A5D722C0A67F1009C98F1 /* EventObserver.swift */; };
		1C2A5D9E2C0A67F1009C98F1 /* EventObserverUtils.swift in Sources */ = {isa = PBXBuildFile; fileRef = 1C2A5D732C0A67F1009C98F1 /* EventObserverUtils.swift */; };
		1C7382C629C82B710091D080 /* AppDelegate.swift in Sources */ = {isa = PBXBuildFile; fileRef = 1C7382C529C82B710091D080 /* AppDelegate.swift */; };
		1C7382CF29C82B720091D080 /* Assets.xcassets in Resources */ = {isa = PBXBuildFile; fileRef = 1C7382CE29C82B720091D080 /* Assets.xcassets */; };
		1C7382DD29C82B720091D080 /* PingOneWalletSampleTests.swift in Sources */ = {isa = PBXBuildFile; fileRef = 1C7382DC29C82B720091D080 /* PingOneWalletSampleTests.swift */; };
		1C7382E729C82B730091D080 /* PingOneWalletSampleUITests.swift in Sources */ = {isa = PBXBuildFile; fileRef = 1C7382E629C82B730091D080 /* PingOneWalletSampleUITests.swift */; };
		1C7382E929C82B730091D080 /* PingOneWalletSampleUITestsLaunchTests.swift in Sources */ = {isa = PBXBuildFile; fileRef = 1C7382E829C82B730091D080 /* PingOneWalletSampleUITestsLaunchTests.swift */; };
		1C73831C29C82BEB0091D080 /* Assets.xcassets in Resources */ = {isa = PBXBuildFile; fileRef = 1C7382F729C82BEB0091D080 /* Assets.xcassets */; };
		1C92DFB42CF2CEFE00AE2949 /* UIImageView + LoadFrom.swift in Sources */ = {isa = PBXBuildFile; fileRef = 1C92DFB22CF2CEFE00AE2949 /* UIImageView + LoadFrom.swift */; };
		1C92DFB52CF2CEFE00AE2949 /* IssuerDetailsView.swift in Sources */ = {isa = PBXBuildFile; fileRef = 1C92DFB12CF2CEFE00AE2949 /* IssuerDetailsView.swift */; };
		1C92DFB72CF2CF1700AE2949 /* AppInfoUtils.swift in Sources */ = {isa = PBXBuildFile; fileRef = 1C92DFB62CF2CF1700AE2949 /* AppInfoUtils.swift */; };
		1CB650B729C82E01008F25F7 /* SVGKit in Frameworks */ = {isa = PBXBuildFile; productRef = 1CB650B629C82E01008F25F7 /* SVGKit */; };
		72F04C9D2E5E389B00238971 /* AnyCoder.xcframework in Frameworks */ = {isa = PBXBuildFile; fileRef = 72F04C922E5E388A00238971 /* AnyCoder.xcframework */; };
		72F04C9E2E5E389B00238971 /* AnyCoder.xcframework in Embed Frameworks */ = {isa = PBXBuildFile; fileRef = 72F04C922E5E388A00238971 /* AnyCoder.xcframework */; settings = {ATTRIBUTES = (CodeSignOnCopy, RemoveHeadersOnCopy, ); }; };
		72F04C9F2E5E389B00238971 /* CommunicationManager.xcframework in Frameworks */ = {isa = PBXBuildFile; fileRef = 72F04C932E5E388A00238971 /* CommunicationManager.xcframework */; };
		72F04CA02E5E389B00238971 /* CommunicationManager.xcframework in Embed Frameworks */ = {isa = PBXBuildFile; fileRef = 72F04C932E5E388A00238971 /* CommunicationManager.xcframework */; settings = {ATTRIBUTES = (CodeSignOnCopy, RemoveHeadersOnCopy, ); }; };
		72F04CA12E5E389B00238971 /* CryptoTools.xcframework in Frameworks */ = {isa = PBXBuildFile; fileRef = 72F04C972E5E388A00238971 /* CryptoTools.xcframework */; };
		72F04CA22E5E389B00238971 /* CryptoTools.xcframework in Embed Frameworks */ = {isa = PBXBuildFile; fileRef = 72F04C972E5E388A00238971 /* CryptoTools.xcframework */; settings = {ATTRIBUTES = (CodeSignOnCopy, RemoveHeadersOnCopy, ); }; };
		72F04CA32E5E389B00238971 /* DIDSDK.xcframework in Frameworks */ = {isa = PBXBuildFile; fileRef = 72F04C942E5E388A00238971 /* DIDSDK.xcframework */; };
		72F04CA42E5E389B00238971 /* DIDSDK.xcframework in Embed Frameworks */ = {isa = PBXBuildFile; fileRef = 72F04C942E5E388A00238971 /* DIDSDK.xcframework */; settings = {ATTRIBUTES = (CodeSignOnCopy, RemoveHeadersOnCopy, ); }; };
		72F04CA52E5E389B00238971 /* JOSESwift.xcframework in Frameworks */ = {isa = PBXBuildFile; fileRef = 72F04C982E5E388A00238971 /* JOSESwift.xcframework */; };
		72F04CA62E5E389B00238971 /* JOSESwift.xcframework in Embed Frameworks */ = {isa = PBXBuildFile; fileRef = 72F04C982E5E388A00238971 /* JOSESwift.xcframework */; settings = {ATTRIBUTES = (CodeSignOnCopy, RemoveHeadersOnCopy, ); }; };
		72F04CA72E5E389B00238971 /* JoseTools.xcframework in Frameworks */ = {isa = PBXBuildFile; fileRef = 72F04C992E5E388A00238971 /* JoseTools.xcframework */; };
		72F04CA82E5E389B00238971 /* JoseTools.xcframework in Embed Frameworks */ = {isa = PBXBuildFile; fileRef = 72F04C992E5E388A00238971 /* JoseTools.xcframework */; settings = {ATTRIBUTES = (CodeSignOnCopy, RemoveHeadersOnCopy, ); }; };
		72F04CA92E5E389B00238971 /* libsecp256k1.xcframework in Frameworks */ = {isa = PBXBuildFile; fileRef = 72F04C9A2E5E388A00238971 /* libsecp256k1.xcframework */; };
		72F04CAA2E5E389B00238971 /* libsecp256k1.xcframework in Embed Frameworks */ = {isa = PBXBuildFile; fileRef = 72F04C9A2E5E388A00238971 /* libsecp256k1.xcframework */; settings = {ATTRIBUTES = (CodeSignOnCopy, RemoveHeadersOnCopy, ); }; };
		72F04CAB2E5E389B00238971 /* PingOneWallet.xcframework in Frameworks */ = {isa = PBXBuildFile; fileRef = 72F04C952E5E388A00238971 /* PingOneWallet.xcframework */; };
		72F04CAC2E5E389B00238971 /* PingOneWallet.xcframework in Embed Frameworks */ = {isa = PBXBuildFile; fileRef = 72F04C952E5E388A00238971 /* PingOneWallet.xcframework */; settings = {ATTRIBUTES = (CodeSignOnCopy, RemoveHeadersOnCopy, ); }; };
		72F04CAD2E5E389B00238971 /* secp256k1Wrapper.xcframework in Frameworks */ = {isa = PBXBuildFile; fileRef = 72F04C9B2E5E388A00238971 /* secp256k1Wrapper.xcframework */; };
		72F04CAE2E5E389B00238971 /* secp256k1Wrapper.xcframework in Embed Frameworks */ = {isa = PBXBuildFile; fileRef = 72F04C9B2E5E388A00238971 /* secp256k1Wrapper.xcframework */; settings = {ATTRIBUTES = (CodeSignOnCopy, RemoveHeadersOnCopy, ); }; };
/* End PBXBuildFile section */

/* Begin PBXContainerItemProxy section */
		1C7382D929C82B720091D080 /* PBXContainerItemProxy */ = {
			isa = PBXContainerItemProxy;
			containerPortal = 1C7382BA29C82B710091D080 /* Project object */;
			proxyType = 1;
			remoteGlobalIDString = 1C7382C129C82B710091D080;
			remoteInfo = PingOneWalletSample;
		};
		1C7382E329C82B730091D080 /* PBXContainerItemProxy */ = {
			isa = PBXContainerItemProxy;
			containerPortal = 1C7382BA29C82B710091D080 /* Project object */;
			proxyType = 1;
			remoteGlobalIDString = 1C7382C129C82B710091D080;
			remoteInfo = PingOneWalletSample;
		};
/* End PBXContainerItemProxy section */

/* Begin PBXCopyFilesBuildPhase section */
		1C1C27D62D074F6C007FAC44 /* Embed Frameworks */ = {
			isa = PBXCopyFilesBuildPhase;
			buildActionMask = 2147483647;
			dstPath = "";
			dstSubfolderSpec = 10;
			files = (
				72F04CA42E5E389B00238971 /* DIDSDK.xcframework in Embed Frameworks */,
				72F04CAC2E5E389B00238971 /* PingOneWallet.xcframework in Embed Frameworks */,
				72F04CAA2E5E389B00238971 /* libsecp256k1.xcframework in Embed Frameworks */,
				72F04CA62E5E389B00238971 /* JOSESwift.xcframework in Embed Frameworks */,
				72F04CA82E5E389B00238971 /* JoseTools.xcframework in Embed Frameworks */,
				72F04CA02E5E389B00238971 /* CommunicationManager.xcframework in Embed Frameworks */,
				72F04CA22E5E389B00238971 /* CryptoTools.xcframework in Embed Frameworks */,
				72F04C9E2E5E389B00238971 /* AnyCoder.xcframework in Embed Frameworks */,
				72F04CAE2E5E389B00238971 /* secp256k1Wrapper.xcframework in Embed Frameworks */,
			);
			name = "Embed Frameworks";
			runOnlyForDeploymentPostprocessing = 0;
		};
/* End PBXCopyFilesBuildPhase section */

/* Begin PBXFileReference section */
		1C1C27D72D0750C2007FAC44 /* IssuerDetailsView.xib */ = {isa = PBXFileReference; lastKnownFileType = file.xib; path = IssuerDetailsView.xib; sourceTree = "<group>"; };
		1C2A5D3D2C0A67F1009C98F1 /* CredentialListItemCell.xib */ = {isa = PBXFileReference; fileEncoding = 4; lastKnownFileType = file.xib; path = CredentialListItemCell.xib; sourceTree = "<group>"; };
		1C2A5D3E2C0A67F1009C98F1 /* ItemPickerTableViewCell.xib */ = {isa = PBXFileReference; fileEncoding = 4; lastKnownFileType = file.xib; path = ItemPickerTableViewCell.xib; sourceTree = "<group>"; };
		1C2A5D3F2C0A67F1009C98F1 /* Base */ = {isa = PBXFileReference; lastKnownFileType = file.storyboard; name = Base; path = Base.lproj/LaunchScreen.storyboard; sourceTree = "<group>"; };
		1C2A5D412C0A67F1009C98F1 /* Base */ = {isa = PBXFileReference; lastKnownFileType = file.storyboard; name = Base; path = Base.lproj/Main.storyboard; sourceTree = "<group>"; };
		1C2A5D442C0A67F1009C98F1 /* CredentialListItem.swift */ = {isa = PBXFileReference; fileEncoding = 4; lastKnownFileType = sourcecode.swift; path = CredentialListItem.swift; sourceTree = "<group>"; };
		1C2A5D452C0A67F1009C98F1 /* PickerItem.swift */ = {isa = PBXFileReference; fileEncoding = 4; lastKnownFileType = sourcecode.swift; path = PickerItem.swift; sourceTree = "<group>"; };
		1C2A5D472C0A67F1009C98F1 /* CredentialListItemCell.swift */ = {isa = PBXFileReference; fileEncoding = 4; lastKnownFileType = sourcecode.swift; path = CredentialListItemCell.swift; sourceTree = "<group>"; };
		1C2A5D482C0A67F1009C98F1 /* ItemPickerTableViewCell.swift */ = {isa = PBXFileReference; fileEncoding = 4; lastKnownFileType = sourcecode.swift; path = ItemPickerTableViewCell.swift; sourceTree = "<group>"; };
		1C2A5D4B2C0A67F1009C98F1 /* BaseView.swift */ = {isa = PBXFileReference; fileEncoding = 4; lastKnownFileType = sourcecode.swift; path = BaseView.swift; sourceTree = "<group>"; };
		1C2A5D4C2C0A67F1009C98F1 /* BaseViewController.swift */ = {isa = PBXFileReference; fileEncoding = 4; lastKnownFileType = sourcecode.swift; path = BaseViewController.swift; sourceTree = "<group>"; };
		1C2A5D4D2C0A67F1009C98F1 /* BaseViewModel.swift */ = {isa = PBXFileReference; fileEncoding = 4; lastKnownFileType = sourcecode.swift; path = BaseViewModel.swift; sourceTree = "<group>"; };
		1C2A5D4F2C0A67F1009C98F1 /* CredentialDetailsView.swift */ = {isa = PBXFileReference; fileEncoding = 4; lastKnownFileType = sourcecode.swift; path = CredentialDetailsView.swift; sourceTree = "<group>"; };
		1C2A5D502C0A67F1009C98F1 /* CredentialDetailsViewController.swift */ = {isa = PBXFileReference; fileEncoding = 4; lastKnownFileType = sourcecode.swift; path = CredentialDetailsViewController.swift; sourceTree = "<group>"; };
		1C2A5D512C0A67F1009C98F1 /* CredentialDetailsViewModel.swift */ = {isa = PBXFileReference; fileEncoding = 4; lastKnownFileType = sourcecode.swift; path = CredentialDetailsViewModel.swift; sourceTree = "<group>"; };
		1C2A5D532C0A67F1009C98F1 /* HomeView.swift */ = {isa = PBXFileReference; fileEncoding = 4; lastKnownFileType = sourcecode.swift; path = HomeView.swift; sourceTree = "<group>"; };
		1C2A5D542C0A67F1009C98F1 /* HomeViewController.swift */ = {isa = PBXFileReference; fileEncoding = 4; lastKnownFileType = sourcecode.swift; path = HomeViewController.swift; sourceTree = "<group>"; };
		1C2A5D552C0A67F1009C98F1 /* HomeViewModel.swift */ = {isa = PBXFileReference; fileEncoding = 4; lastKnownFileType = sourcecode.swift; path = HomeViewModel.swift; sourceTree = "<group>"; };
		1C2A5D572C0A67F1009C98F1 /* PickerListener.swift */ = {isa = PBXFileReference; fileEncoding = 4; lastKnownFileType = sourcecode.swift; path = PickerListener.swift; sourceTree = "<group>"; };
		1C2A5D582C0A67F1009C98F1 /* PickerView.swift */ = {isa = PBXFileReference; fileEncoding = 4; lastKnownFileType = sourcecode.swift; path = PickerView.swift; sourceTree = "<group>"; };
		1C2A5D592C0A67F1009C98F1 /* PickerViewController.swift */ = {isa = PBXFileReference; fileEncoding = 4; lastKnownFileType = sourcecode.swift; path = PickerViewController.swift; sourceTree = "<group>"; };
		1C2A5D5A2C0A67F1009C98F1 /* PickerViewModel.swift */ = {isa = PBXFileReference; fileEncoding = 4; lastKnownFileType = sourcecode.swift; path = PickerViewModel.swift; sourceTree = "<group>"; };
		1C2A5D5C2C0A67F1009C98F1 /* QRScannerView.swift */ = {isa = PBXFileReference; fileEncoding = 4; lastKnownFileType = sourcecode.swift; path = QRScannerView.swift; sourceTree = "<group>"; };
		1C2A5D5D2C0A67F1009C98F1 /* QRScannerViewController.swift */ = {isa = PBXFileReference; fileEncoding = 4; lastKnownFileType = sourcecode.swift; path = QRScannerViewController.swift; sourceTree = "<group>"; };
		1C2A5D5E2C0A67F1009C98F1 /* QRScannerViewModel.swift */ = {isa = PBXFileReference; fileEncoding = 4; lastKnownFileType = sourcecode.swift; path = QRScannerViewModel.swift; sourceTree = "<group>"; };
		1C2A5D602C0A67F1009C98F1 /* WaitOverlayView.swift */ = {isa = PBXFileReference; fileEncoding = 4; lastKnownFileType = sourcecode.swift; path = WaitOverlayView.swift; sourceTree = "<group>"; };
		1C2A5D622C0A67F1009C98F1 /* WalletCoordinator.swift */ = {isa = PBXFileReference; fileEncoding = 4; lastKnownFileType = sourcecode.swift; path = WalletCoordinator.swift; sourceTree = "<group>"; };
		1C2A5D642C0A67F1009C98F1 /* ApplicationUiCallbackHandler.swift */ = {isa = PBXFileReference; fileEncoding = 4; lastKnownFileType = sourcecode.swift; path = ApplicationUiCallbackHandler.swift; sourceTree = "<group>"; };
		1C2A5D652C0A67F1009C98F1 /* CredentialPicker.swift */ = {isa = PBXFileReference; fileEncoding = 4; lastKnownFileType = sourcecode.swift; path = CredentialPicker.swift; sourceTree = "<group>"; };
		1C2A5D662C0A67F1009C98F1 /* PingOneWalletHelper.swift */ = {isa = PBXFileReference; fileEncoding = 4; lastKnownFileType = sourcecode.swift; path = PingOneWalletHelper.swift; sourceTree = "<group>"; };
		1C2A5D682C0A67F1009C98F1 /* ApplicationUiHandler.swift */ = {isa = PBXFileReference; fileEncoding = 4; lastKnownFileType = sourcecode.swift; path = ApplicationUiHandler.swift; sourceTree = "<group>"; };
		1C2A5D692C0A67F1009C98F1 /* ConnectivityUtils.swift */ = {isa = PBXFileReference; fileEncoding = 4; lastKnownFileType = sourcecode.swift; path = ConnectivityUtils.swift; sourceTree = "<group>"; };
		1C2A5D6A2C0A67F1009C98F1 /* Date+String.swift */ = {isa = PBXFileReference; fileEncoding = 4; lastKnownFileType = sourcecode.swift; path = "Date+String.swift"; sourceTree = "<group>"; };
		1C2A5D6B2C0A67F1009C98F1 /* DateUtils.swift */ = {isa = PBXFileReference; fileEncoding = 4; lastKnownFileType = sourcecode.swift; path = DateUtils.swift; sourceTree = "<group>"; };
		1C2A5D6C2C0A67F1009C98F1 /* DefaultCredentialPicker.swift */ = {isa = PBXFileReference; fileEncoding = 4; lastKnownFileType = sourcecode.swift; path = DefaultCredentialPicker.swift; sourceTree = "<group>"; };
		1C2A5D6D2C0A67F1009C98F1 /* UIColor+Hex.swift */ = {isa = PBXFileReference; fileEncoding = 4; lastKnownFileType = sourcecode.swift; path = "UIColor+Hex.swift"; sourceTree = "<group>"; };
		1C2A5D6E2C0A67F1009C98F1 /* UIImage+FromSVG.swift */ = {isa = PBXFileReference; fileEncoding = 4; lastKnownFileType = sourcecode.swift; path = "UIImage+FromSVG.swift"; sourceTree = "<group>"; };
		1C2A5D6F2C0A67F1009C98F1 /* UIImage+Orientation.swift */ = {isa = PBXFileReference; fileEncoding = 4; lastKnownFileType = sourcecode.swift; path = "UIImage+Orientation.swift"; sourceTree = "<group>"; };
		1C2A5D702C0A67F1009C98F1 /* UIImage+Thumbnail.swift */ = {isa = PBXFileReference; fileEncoding = 4; lastKnownFileType = sourcecode.swift; path = "UIImage+Thumbnail.swift"; sourceTree = "<group>"; };
		1C2A5D722C0A67F1009C98F1 /* EventObserver.swift */ = {isa = PBXFileReference; fileEncoding = 4; lastKnownFileType = sourcecode.swift; path = EventObserver.swift; sourceTree = "<group>"; };
		1C2A5D732C0A67F1009C98F1 /* EventObserverUtils.swift */ = {isa = PBXFileReference; fileEncoding = 4; lastKnownFileType = sourcecode.swift; path = EventObserverUtils.swift; sourceTree = "<group>"; };
		1C2A5D752C0A67F1009C98F1 /* PingOneWalletSample.entitlements */ = {isa = PBXFileReference; fileEncoding = 4; lastKnownFileType = text.plist.entitlements; path = PingOneWalletSample.entitlements; sourceTree = "<group>"; };
		1C7382C229C82B710091D080 /* PingOneWalletSample.app */ = {isa = PBXFileReference; explicitFileType = wrapper.application; includeInIndex = 0; path = PingOneWalletSample.app; sourceTree = BUILT_PRODUCTS_DIR; };
		1C7382C529C82B710091D080 /* AppDelegate.swift */ = {isa = PBXFileReference; lastKnownFileType = sourcecode.swift; path = AppDelegate.swift; sourceTree = "<group>"; };
		1C7382CE29C82B720091D080 /* Assets.xcassets */ = {isa = PBXFileReference; lastKnownFileType = folder.assetcatalog; path = Assets.xcassets; sourceTree = "<group>"; };
		1C7382D329C82B720091D080 /* Info.plist */ = {isa = PBXFileReference; lastKnownFileType = text.plist.xml; path = Info.plist; sourceTree = "<group>"; };
		1C7382D829C82B720091D080 /* PingOneWalletSampleTests.xctest */ = {isa = PBXFileReference; explicitFileType = wrapper.cfbundle; includeInIndex = 0; path = PingOneWalletSampleTests.xctest; sourceTree = BUILT_PRODUCTS_DIR; };
		1C7382DC29C82B720091D080 /* PingOneWalletSampleTests.swift */ = {isa = PBXFileReference; lastKnownFileType = sourcecode.swift; path = PingOneWalletSampleTests.swift; sourceTree = "<group>"; };
		1C7382E229C82B730091D080 /* PingOneWalletSampleUITests.xctest */ = {isa = PBXFileReference; explicitFileType = wrapper.cfbundle; includeInIndex = 0; path = PingOneWalletSampleUITests.xctest; sourceTree = BUILT_PRODUCTS_DIR; };
		1C7382E629C82B730091D080 /* PingOneWalletSampleUITests.swift */ = {isa = PBXFileReference; lastKnownFileType = sourcecode.swift; path = PingOneWalletSampleUITests.swift; sourceTree = "<group>"; };
		1C7382E829C82B730091D080 /* PingOneWalletSampleUITestsLaunchTests.swift */ = {isa = PBXFileReference; lastKnownFileType = sourcecode.swift; path = PingOneWalletSampleUITestsLaunchTests.swift; sourceTree = "<group>"; };
		1C7382F729C82BEB0091D080 /* Assets.xcassets */ = {isa = PBXFileReference; lastKnownFileType = folder.assetcatalog; path = Assets.xcassets; sourceTree = "<group>"; };
		1C92DFB12CF2CEFE00AE2949 /* IssuerDetailsView.swift */ = {isa = PBXFileReference; lastKnownFileType = sourcecode.swift; path = IssuerDetailsView.swift; sourceTree = "<group>"; };
		1C92DFB22CF2CEFE00AE2949 /* UIImageView + LoadFrom.swift */ = {isa = PBXFileReference; lastKnownFileType = sourcecode.swift; path = "UIImageView + LoadFrom.swift"; sourceTree = "<group>"; };
		1C92DFB62CF2CF1700AE2949 /* AppInfoUtils.swift */ = {isa = PBXFileReference; lastKnownFileType = sourcecode.swift; path = AppInfoUtils.swift; sourceTree = "<group>"; };
		72F04C922E5E388A00238971 /* AnyCoder.xcframework */ = {isa = PBXFileReference; lastKnownFileType = wrapper.xcframework; path = AnyCoder.xcframework; sourceTree = "<group>"; };
		72F04C932E5E388A00238971 /* CommunicationManager.xcframework */ = {isa = PBXFileReference; lastKnownFileType = wrapper.xcframework; path = CommunicationManager.xcframework; sourceTree = "<group>"; };
		72F04C942E5E388A00238971 /* DIDSDK.xcframework */ = {isa = PBXFileReference; lastKnownFileType = wrapper.xcframework; path = DIDSDK.xcframework; sourceTree = "<group>"; };
		72F04C952E5E388A00238971 /* PingOneWallet.xcframework */ = {isa = PBXFileReference; lastKnownFileType = wrapper.xcframework; path = PingOneWallet.xcframework; sourceTree = "<group>"; };
		72F04C972E5E388A00238971 /* CryptoTools.xcframework */ = {isa = PBXFileReference; lastKnownFileType = wrapper.xcframework; path = CryptoTools.xcframework; sourceTree = "<group>"; };
		72F04C982E5E388A00238971 /* JOSESwift.xcframework */ = {isa = PBXFileReference; lastKnownFileType = wrapper.xcframework; path = JOSESwift.xcframework; sourceTree = "<group>"; };
		72F04C992E5E388A00238971 /* JoseTools.xcframework */ = {isa = PBXFileReference; lastKnownFileType = wrapper.xcframework; path = JoseTools.xcframework; sourceTree = "<group>"; };
		72F04C9A2E5E388A00238971 /* libsecp256k1.xcframework */ = {isa = PBXFileReference; lastKnownFileType = wrapper.xcframework; path = libsecp256k1.xcframework; sourceTree = "<group>"; };
		72F04C9B2E5E388A00238971 /* secp256k1Wrapper.xcframework */ = {isa = PBXFileReference; lastKnownFileType = wrapper.xcframework; path = secp256k1Wrapper.xcframework; sourceTree = "<group>"; };
/* End PBXFileReference section */

/* Begin PBXFrameworksBuildPhase section */
		1C7382BF29C82B710091D080 /* Frameworks */ = {
			isa = PBXFrameworksBuildPhase;
			buildActionMask = 2147483647;
			files = (
				72F04CAB2E5E389B00238971 /* PingOneWallet.xcframework in Frameworks */,
				72F04CA12E5E389B00238971 /* CryptoTools.xcframework in Frameworks */,
				72F04CA72E5E389B00238971 /* JoseTools.xcframework in Frameworks */,
				72F04CA92E5E389B00238971 /* libsecp256k1.xcframework in Frameworks */,
				72F04CA32E5E389B00238971 /* DIDSDK.xcframework in Frameworks */,
				72F04C9D2E5E389B00238971 /* AnyCoder.xcframework in Frameworks */,
				72F04CAD2E5E389B00238971 /* secp256k1Wrapper.xcframework in Frameworks */,
				72F04C9F2E5E389B00238971 /* CommunicationManager.xcframework in Frameworks */,
				72F04CA52E5E389B00238971 /* JOSESwift.xcframework in Frameworks */,
				1CB650B729C82E01008F25F7 /* SVGKit in Frameworks */,
			);
			runOnlyForDeploymentPostprocessing = 0;
		};
		1C7382D529C82B720091D080 /* Frameworks */ = {
			isa = PBXFrameworksBuildPhase;
			buildActionMask = 2147483647;
			files = (
			);
			runOnlyForDeploymentPostprocessing = 0;
		};
		1C7382DF29C82B730091D080 /* Frameworks */ = {
			isa = PBXFrameworksBuildPhase;
			buildActionMask = 2147483647;
			files = (
			);
			runOnlyForDeploymentPostprocessing = 0;
		};
/* End PBXFrameworksBuildPhase section */

/* Begin PBXGroup section */
		1C2A5D432C0A67F1009C98F1 /* ui */ = {
			isa = PBXGroup;
			children = (
				1C1C27D72D0750C2007FAC44 /* IssuerDetailsView.xib */,
				1C2A5D3D2C0A67F1009C98F1 /* CredentialListItemCell.xib */,
				1C2A5D3E2C0A67F1009C98F1 /* ItemPickerTableViewCell.xib */,
				1C2A5D402C0A67F1009C98F1 /* LaunchScreen.storyboard */,
				1C2A5D422C0A67F1009C98F1 /* Main.storyboard */,
			);
			path = ui;
			sourceTree = "<group>";
		};
		1C2A5D462C0A67F1009C98F1 /* models */ = {
			isa = PBXGroup;
			children = (
				1C2A5D442C0A67F1009C98F1 /* CredentialListItem.swift */,
				1C2A5D452C0A67F1009C98F1 /* PickerItem.swift */,
			);
			path = models;
			sourceTree = "<group>";
		};
		1C2A5D492C0A67F1009C98F1 /* cell */ = {
			isa = PBXGroup;
			children = (
				1C2A5D462C0A67F1009C98F1 /* models */,
				1C2A5D472C0A67F1009C98F1 /* CredentialListItemCell.swift */,
				1C2A5D482C0A67F1009C98F1 /* ItemPickerTableViewCell.swift */,
			);
			path = cell;
			sourceTree = "<group>";
		};
		1C2A5D4E2C0A67F1009C98F1 /* base */ = {
			isa = PBXGroup;
			children = (
				1C2A5D4B2C0A67F1009C98F1 /* BaseView.swift */,
				1C2A5D4C2C0A67F1009C98F1 /* BaseViewController.swift */,
				1C2A5D4D2C0A67F1009C98F1 /* BaseViewModel.swift */,
			);
			path = base;
			sourceTree = "<group>";
		};
		1C2A5D522C0A67F1009C98F1 /* credential_details */ = {
			isa = PBXGroup;
			children = (
				1C2A5D4F2C0A67F1009C98F1 /* CredentialDetailsView.swift */,
				1C2A5D502C0A67F1009C98F1 /* CredentialDetailsViewController.swift */,
				1C2A5D512C0A67F1009C98F1 /* CredentialDetailsViewModel.swift */,
			);
			path = credential_details;
			sourceTree = "<group>";
		};
		1C2A5D562C0A67F1009C98F1 /* home */ = {
			isa = PBXGroup;
			children = (
				1C2A5D532C0A67F1009C98F1 /* HomeView.swift */,
				1C2A5D542C0A67F1009C98F1 /* HomeViewController.swift */,
				1C2A5D552C0A67F1009C98F1 /* HomeViewModel.swift */,
			);
			path = home;
			sourceTree = "<group>";
		};
		1C2A5D5B2C0A67F1009C98F1 /* picker */ = {
			isa = PBXGroup;
			children = (
				1C2A5D572C0A67F1009C98F1 /* PickerListener.swift */,
				1C2A5D582C0A67F1009C98F1 /* PickerView.swift */,
				1C2A5D592C0A67F1009C98F1 /* PickerViewController.swift */,
				1C2A5D5A2C0A67F1009C98F1 /* PickerViewModel.swift */,
			);
			path = picker;
			sourceTree = "<group>";
		};
		1C2A5D5F2C0A67F1009C98F1 /* qr_scaner */ = {
			isa = PBXGroup;
			children = (
				1C2A5D5C2C0A67F1009C98F1 /* QRScannerView.swift */,
				1C2A5D5D2C0A67F1009C98F1 /* QRScannerViewController.swift */,
				1C2A5D5E2C0A67F1009C98F1 /* QRScannerViewModel.swift */,
			);
			path = qr_scaner;
			sourceTree = "<group>";
		};
		1C2A5D612C0A67F1009C98F1 /* wait */ = {
			isa = PBXGroup;
			children = (
				1C2A5D602C0A67F1009C98F1 /* WaitOverlayView.swift */,
			);
			path = wait;
			sourceTree = "<group>";
		};
		1C2A5D632C0A67F1009C98F1 /* viewcontrollers */ = {
			isa = PBXGroup;
			children = (
				1C2A5D4E2C0A67F1009C98F1 /* base */,
				1C2A5D522C0A67F1009C98F1 /* credential_details */,
				1C2A5D562C0A67F1009C98F1 /* home */,
				1C2A5D5B2C0A67F1009C98F1 /* picker */,
				1C2A5D5F2C0A67F1009C98F1 /* qr_scaner */,
				1C2A5D612C0A67F1009C98F1 /* wait */,
				1C2A5D622C0A67F1009C98F1 /* WalletCoordinator.swift */,
			);
			path = viewcontrollers;
			sourceTree = "<group>";
		};
		1C2A5D672C0A67F1009C98F1 /* wallet */ = {
			isa = PBXGroup;
			children = (
				1C2A5D642C0A67F1009C98F1 /* ApplicationUiCallbackHandler.swift */,
				1C2A5D652C0A67F1009C98F1 /* CredentialPicker.swift */,
				1C2A5D662C0A67F1009C98F1 /* PingOneWalletHelper.swift */,
			);
			path = wallet;
			sourceTree = "<group>";
		};
		1C2A5D712C0A67F1009C98F1 /* utils */ = {
			isa = PBXGroup;
			children = (
				1C92DFB62CF2CF1700AE2949 /* AppInfoUtils.swift */,
				1C2A5D682C0A67F1009C98F1 /* ApplicationUiHandler.swift */,
				1C2A5D692C0A67F1009C98F1 /* ConnectivityUtils.swift */,
				1C2A5D6A2C0A67F1009C98F1 /* Date+String.swift */,
				1C2A5D6B2C0A67F1009C98F1 /* DateUtils.swift */,
				1C2A5D6C2C0A67F1009C98F1 /* DefaultCredentialPicker.swift */,
				1C2A5D6D2C0A67F1009C98F1 /* UIColor+Hex.swift */,
				1C2A5D6E2C0A67F1009C98F1 /* UIImage+FromSVG.swift */,
				1C2A5D6F2C0A67F1009C98F1 /* UIImage+Orientation.swift */,
				1C2A5D702C0A67F1009C98F1 /* UIImage+Thumbnail.swift */,
			);
			path = utils;
			sourceTree = "<group>";
		};
		1C2A5D742C0A67F1009C98F1 /* observer */ = {
			isa = PBXGroup;
			children = (
				1C2A5D722C0A67F1009C98F1 /* EventObserver.swift */,
				1C2A5D732C0A67F1009C98F1 /* EventObserverUtils.swift */,
			);
			path = observer;
			sourceTree = "<group>";
		};
		1C7382B929C82B710091D080 = {
			isa = PBXGroup;
			children = (
				1C7382C429C82B710091D080 /* PingOneWalletSample */,
				1C7382DB29C82B720091D080 /* PingOneWalletSampleTests */,
				1C7382E529C82B730091D080 /* PingOneWalletSampleUITests */,
				1C7382C329C82B710091D080 /* Products */,
				1C73833729C82CFB0091D080 /* Frameworks */,
				1CB650B429C82D30008F25F7 /* Recovered References */,
			);
			sourceTree = "<group>";
		};
		1C7382C329C82B710091D080 /* Products */ = {
			isa = PBXGroup;
			children = (
				1C7382C229C82B710091D080 /* PingOneWalletSample.app */,
				1C7382D829C82B720091D080 /* PingOneWalletSampleTests.xctest */,
				1C7382E229C82B730091D080 /* PingOneWalletSampleUITests.xctest */,
			);
			name = Products;
			sourceTree = "<group>";
		};
		1C7382C429C82B710091D080 /* PingOneWalletSample */ = {
			isa = PBXGroup;
			children = (
				1C2A5D752C0A67F1009C98F1 /* PingOneWalletSample.entitlements */,
				1C2A5D492C0A67F1009C98F1 /* cell */,
				1C2A5D742C0A67F1009C98F1 /* observer */,
				1C92DFB32CF2CEFE00AE2949 /* issuermetadata */,
				1C2A5D432C0A67F1009C98F1 /* ui */,
				1C2A5D712C0A67F1009C98F1 /* utils */,
				1C2A5D632C0A67F1009C98F1 /* viewcontrollers */,
				1C2A5D672C0A67F1009C98F1 /* wallet */,
				1C7382C529C82B710091D080 /* AppDelegate.swift */,
				1C7382CE29C82B720091D080 /* Assets.xcassets */,
				1C7382D329C82B720091D080 /* Info.plist */,
			);
			path = PingOneWalletSample;
			sourceTree = "<group>";
		};
		1C7382DB29C82B720091D080 /* PingOneWalletSampleTests */ = {
			isa = PBXGroup;
			children = (
				1C7382DC29C82B720091D080 /* PingOneWalletSampleTests.swift */,
			);
			path = PingOneWalletSampleTests;
			sourceTree = "<group>";
		};
		1C7382E529C82B730091D080 /* PingOneWalletSampleUITests */ = {
			isa = PBXGroup;
			children = (
				1C7382E629C82B730091D080 /* PingOneWalletSampleUITests.swift */,
				1C7382E829C82B730091D080 /* PingOneWalletSampleUITestsLaunchTests.swift */,
			);
			path = PingOneWalletSampleUITests;
			sourceTree = "<group>";
		};
		1C73833729C82CFB0091D080 /* Frameworks */ = {
			isa = PBXGroup;
			children = (
				72F04C9C2E5E388A00238971 /* Common */,
				72F04C962E5E388A00238971 /* Wallet */,
			);
			name = Frameworks;
			sourceTree = "<group>";
		};
		1C92DFB32CF2CEFE00AE2949 /* issuermetadata */ = {
			isa = PBXGroup;
			children = (
				1C92DFB12CF2CEFE00AE2949 /* IssuerDetailsView.swift */,
				1C92DFB22CF2CEFE00AE2949 /* UIImageView + LoadFrom.swift */,
			);
			path = issuermetadata;
			sourceTree = "<group>";
		};
		1CB650B429C82D30008F25F7 /* Recovered References */ = {
			isa = PBXGroup;
			children = (
				1C7382F729C82BEB0091D080 /* Assets.xcassets */,
			);
			name = "Recovered References";
			sourceTree = "<group>";
		};
		72F04C962E5E388A00238971 /* Wallet */ = {
			isa = PBXGroup;
			children = (
				72F04C922E5E388A00238971 /* AnyCoder.xcframework */,
				72F04C932E5E388A00238971 /* CommunicationManager.xcframework */,
				72F04C942E5E388A00238971 /* DIDSDK.xcframework */,
				72F04C952E5E388A00238971 /* PingOneWallet.xcframework */,
			);
			name = Wallet;
			path = ../../SDK/Wallet;
			sourceTree = "<group>";
		};
		72F04C9C2E5E388A00238971 /* Common */ = {
			isa = PBXGroup;
			children = (
				72F04C972E5E388A00238971 /* CryptoTools.xcframework */,
				72F04C982E5E388A00238971 /* JOSESwift.xcframework */,
				72F04C992E5E388A00238971 /* JoseTools.xcframework */,
				72F04C9A2E5E388A00238971 /* libsecp256k1.xcframework */,
				72F04C9B2E5E388A00238971 /* secp256k1Wrapper.xcframework */,
			);
			name = Common;
			path = ../../SDK/Common;
			sourceTree = "<group>";
		};
/* End PBXGroup section */

/* Begin PBXNativeTarget section */
		1C7382C129C82B710091D080 /* PingOneWalletSample */ = {
			isa = PBXNativeTarget;
			buildConfigurationList = 1C7382EC29C82B730091D080 /* Build configuration list for PBXNativeTarget "PingOneWalletSample" */;
			buildPhases = (
				1C7382BE29C82B710091D080 /* Sources */,
				1C7382BF29C82B710091D080 /* Frameworks */,
				1C7382C029C82B710091D080 /* Resources */,
				1C1C27D62D074F6C007FAC44 /* Embed Frameworks */,
			);
			buildRules = (
			);
			dependencies = (
			);
			name = PingOneWalletSample;
			packageProductDependencies = (
				1CB650B629C82E01008F25F7 /* SVGKit */,
			);
			productName = PingOneWalletSample;
			productReference = 1C7382C229C82B710091D080 /* PingOneWalletSample.app */;
			productType = "com.apple.product-type.application";
		};
		1C7382D729C82B720091D080 /* PingOneWalletSampleTests */ = {
			isa = PBXNativeTarget;
			buildConfigurationList = 1C7382EF29C82B730091D080 /* Build configuration list for PBXNativeTarget "PingOneWalletSampleTests" */;
			buildPhases = (
				1C7382D429C82B720091D080 /* Sources */,
				1C7382D529C82B720091D080 /* Frameworks */,
				1C7382D629C82B720091D080 /* Resources */,
			);
			buildRules = (
			);
			dependencies = (
				1C7382DA29C82B720091D080 /* PBXTargetDependency */,
			);
			name = PingOneWalletSampleTests;
			productName = PingOneWalletSampleTests;
			productReference = 1C7382D829C82B720091D080 /* PingOneWalletSampleTests.xctest */;
			productType = "com.apple.product-type.bundle.unit-test";
		};
		1C7382E129C82B730091D080 /* PingOneWalletSampleUITests */ = {
			isa = PBXNativeTarget;
			buildConfigurationList = 1C7382F229C82B730091D080 /* Build configuration list for PBXNativeTarget "PingOneWalletSampleUITests" */;
			buildPhases = (
				1C7382DE29C82B730091D080 /* Sources */,
				1C7382DF29C82B730091D080 /* Frameworks */,
				1C7382E029C82B730091D080 /* Resources */,
			);
			buildRules = (
			);
			dependencies = (
				1C7382E429C82B730091D080 /* PBXTargetDependency */,
			);
			name = PingOneWalletSampleUITests;
			productName = PingOneWalletSampleUITests;
			productReference = 1C7382E229C82B730091D080 /* PingOneWalletSampleUITests.xctest */;
			productType = "com.apple.product-type.bundle.ui-testing";
		};
/* End PBXNativeTarget section */

/* Begin PBXProject section */
		1C7382BA29C82B710091D080 /* Project object */ = {
			isa = PBXProject;
			attributes = {
				BuildIndependentTargetsInParallel = 1;
				LastSwiftUpdateCheck = 1420;
				LastUpgradeCheck = 1420;
				TargetAttributes = {
					1C7382C129C82B710091D080 = {
						CreatedOnToolsVersion = 14.2;
					};
					1C7382D729C82B720091D080 = {
						CreatedOnToolsVersion = 14.2;
						TestTargetID = 1C7382C129C82B710091D080;
					};
					1C7382E129C82B730091D080 = {
						CreatedOnToolsVersion = 14.2;
						TestTargetID = 1C7382C129C82B710091D080;
					};
				};
			};
			buildConfigurationList = 1C7382BD29C82B710091D080 /* Build configuration list for PBXProject "PingOneWalletSample" */;
			compatibilityVersion = "Xcode 14.0";
			developmentRegion = en;
			hasScannedForEncodings = 0;
			knownRegions = (
				en,
				Base,
			);
			mainGroup = 1C7382B929C82B710091D080;
			packageReferences = (
				1CB650B529C82E01008F25F7 /* XCRemoteSwiftPackageReference "SVGKit" */,
			);
			productRefGroup = 1C7382C329C82B710091D080 /* Products */;
			projectDirPath = "";
			projectRoot = "";
			targets = (
				1C7382C129C82B710091D080 /* PingOneWalletSample */,
				1C7382D729C82B720091D080 /* PingOneWalletSampleTests */,
				1C7382E129C82B730091D080 /* PingOneWalletSampleUITests */,
			);
		};
/* End PBXProject section */

/* Begin PBXResourcesBuildPhase section */
		1C7382C029C82B710091D080 /* Resources */ = {
			isa = PBXResourcesBuildPhase;
			buildActionMask = 2147483647;
			files = (
				1C2A5D782C0A67F1009C98F1 /* LaunchScreen.storyboard in Resources */,
				1C2A5D792C0A67F1009C98F1 /* Main.storyboard in Resources */,
				1C7382CF29C82B720091D080 /* Assets.xcassets in Resources */,
				1C73831C29C82BEB0091D080 /* Assets.xcassets in Resources */,
				1C2A5D772C0A67F1009C98F1 /* ItemPickerTableViewCell.xib in Resources */,
				1C1C27D82D0750C2007FAC44 /* IssuerDetailsView.xib in Resources */,
				1C2A5D762C0A67F1009C98F1 /* CredentialListItemCell.xib in Resources */,
			);
			runOnlyForDeploymentPostprocessing = 0;
		};
		1C7382D629C82B720091D080 /* Resources */ = {
			isa = PBXResourcesBuildPhase;
			buildActionMask = 2147483647;
			files = (
			);
			runOnlyForDeploymentPostprocessing = 0;
		};
		1C7382E029C82B730091D080 /* Resources */ = {
			isa = PBXResourcesBuildPhase;
			buildActionMask = 2147483647;
			files = (
			);
			runOnlyForDeploymentPostprocessing = 0;
		};
/* End PBXResourcesBuildPhase section */

/* Begin PBXSourcesBuildPhase section */
		1C7382BE29C82B710091D080 /* Sources */ = {
			isa = PBXSourcesBuildPhase;
			buildActionMask = 2147483647;
			files = (
				1C2A5D962C0A67F1009C98F1 /* Date+String.swift in Sources */,
				1C2A5D7F2C0A67F1009C98F1 /* BaseView.swift in Sources */,
				1C2A5D7D2C0A67F1009C98F1 /* ItemPickerTableViewCell.swift in Sources */,
				1C2A5D942C0A67F1009C98F1 /* ApplicationUiHandler.swift in Sources */,
				1C2A5D8C2C0A67F1009C98F1 /* QRScannerView.swift in Sources */,
				1C2A5D802C0A67F1009C98F1 /* BaseViewController.swift in Sources */,
				1C2A5D8D2C0A67F1009C98F1 /* QRScannerViewController.swift in Sources */,
				1C2A5D832C0A67F1009C98F1 /* CredentialDetailsViewController.swift in Sources */,
				1C2A5D852C0A67F1009C98F1 /* HomeView.swift in Sources */,
				1C2A5D8A2C0A67F1009C98F1 /* PickerViewController.swift in Sources */,
				1C2A5D932C0A67F1009C98F1 /* PingOneWalletHelper.swift in Sources */,
				1C2A5D9C2C0A67F1009C98F1 /* UIImage+Thumbnail.swift in Sources */,
				1C2A5D872C0A67F1009C98F1 /* HomeViewModel.swift in Sources */,
				1C2A5D912C0A67F1009C98F1 /* ApplicationUiCallbackHandler.swift in Sources */,
				1C2A5D7B2C0A67F1009C98F1 /* PickerItem.swift in Sources */,
				1C2A5D982C0A67F1009C98F1 /* DefaultCredentialPicker.swift in Sources */,
				1C2A5D952C0A67F1009C98F1 /* ConnectivityUtils.swift in Sources */,
				1C2A5D812C0A67F1009C98F1 /* BaseViewModel.swift in Sources */,
				1C2A5D822C0A67F1009C98F1 /* CredentialDetailsView.swift in Sources */,
				1C2A5D922C0A67F1009C98F1 /* CredentialPicker.swift in Sources */,
				1C2A5D9A2C0A67F1009C98F1 /* UIImage+FromSVG.swift in Sources */,
				1C2A5D9D2C0A67F1009C98F1 /* EventObserver.swift in Sources */,
				1C92DFB42CF2CEFE00AE2949 /* UIImageView + LoadFrom.swift in Sources */,
				1C92DFB52CF2CEFE00AE2949 /* IssuerDetailsView.swift in Sources */,
				1C2A5D862C0A67F1009C98F1 /* HomeViewController.swift in Sources */,
				1C2A5D9E2C0A67F1009C98F1 /* EventObserverUtils.swift in Sources */,
				1C2A5D842C0A67F1009C98F1 /* CredentialDetailsViewModel.swift in Sources */,
				1C2A5D7C2C0A67F1009C98F1 /* CredentialListItemCell.swift in Sources */,
				1C2A5D8F2C0A67F1009C98F1 /* WaitOverlayView.swift in Sources */,
				1C7382C629C82B710091D080 /* AppDelegate.swift in Sources */,
				1C2A5D7A2C0A67F1009C98F1 /* CredentialListItem.swift in Sources */,
				1C2A5D8E2C0A67F1009C98F1 /* QRScannerViewModel.swift in Sources */,
				1C2A5D8B2C0A67F1009C98F1 /* PickerViewModel.swift in Sources */,
				1C2A5D902C0A67F1009C98F1 /* WalletCoordinator.swift in Sources */,
				1C2A5D992C0A67F1009C98F1 /* UIColor+Hex.swift in Sources */,
				1C92DFB72CF2CF1700AE2949 /* AppInfoUtils.swift in Sources */,
				1C2A5D972C0A67F1009C98F1 /* DateUtils.swift in Sources */,
				1C2A5D882C0A67F1009C98F1 /* PickerListener.swift in Sources */,
				1C2A5D892C0A67F1009C98F1 /* PickerView.swift in Sources */,
				1C2A5D9B2C0A67F1009C98F1 /* UIImage+Orientation.swift in Sources */,
			);
			runOnlyForDeploymentPostprocessing = 0;
		};
		1C7382D429C82B720091D080 /* Sources */ = {
			isa = PBXSourcesBuildPhase;
			buildActionMask = 2147483647;
			files = (
				1C7382DD29C82B720091D080 /* PingOneWalletSampleTests.swift in Sources */,
			);
			runOnlyForDeploymentPostprocessing = 0;
		};
		1C7382DE29C82B730091D080 /* Sources */ = {
			isa = PBXSourcesBuildPhase;
			buildActionMask = 2147483647;
			files = (
				1C7382E929C82B730091D080 /* PingOneWalletSampleUITestsLaunchTests.swift in Sources */,
				1C7382E729C82B730091D080 /* PingOneWalletSampleUITests.swift in Sources */,
			);
			runOnlyForDeploymentPostprocessing = 0;
		};
/* End PBXSourcesBuildPhase section */

/* Begin PBXTargetDependency section */
		1C7382DA29C82B720091D080 /* PBXTargetDependency */ = {
			isa = PBXTargetDependency;
			target = 1C7382C129C82B710091D080 /* PingOneWalletSample */;
			targetProxy = 1C7382D929C82B720091D080 /* PBXContainerItemProxy */;
		};
		1C7382E429C82B730091D080 /* PBXTargetDependency */ = {
			isa = PBXTargetDependency;
			target = 1C7382C129C82B710091D080 /* PingOneWalletSample */;
			targetProxy = 1C7382E329C82B730091D080 /* PBXContainerItemProxy */;
		};
/* End PBXTargetDependency section */

/* Begin PBXVariantGroup section */
		1C2A5D402C0A67F1009C98F1 /* LaunchScreen.storyboard */ = {
			isa = PBXVariantGroup;
			children = (
				1C2A5D3F2C0A67F1009C98F1 /* Base */,
			);
			name = LaunchScreen.storyboard;
			sourceTree = "<group>";
		};
		1C2A5D422C0A67F1009C98F1 /* Main.storyboard */ = {
			isa = PBXVariantGroup;
			children = (
				1C2A5D412C0A67F1009C98F1 /* Base */,
			);
			name = Main.storyboard;
			sourceTree = "<group>";
		};
/* End PBXVariantGroup section */

/* Begin XCBuildConfiguration section */
		1C7382EA29C82B730091D080 /* Debug */ = {
			isa = XCBuildConfiguration;
			buildSettings = {
				ALWAYS_SEARCH_USER_PATHS = NO;
				CLANG_ANALYZER_NONNULL = YES;
				CLANG_ANALYZER_NUMBER_OBJECT_CONVERSION = YES_AGGRESSIVE;
				CLANG_CXX_LANGUAGE_STANDARD = "gnu++20";
				CLANG_ENABLE_MODULES = YES;
				CLANG_ENABLE_OBJC_ARC = YES;
				CLANG_ENABLE_OBJC_WEAK = YES;
				CLANG_WARN_BLOCK_CAPTURE_AUTORELEASING = YES;
				CLANG_WARN_BOOL_CONVERSION = YES;
				CLANG_WARN_COMMA = YES;
				CLANG_WARN_CONSTANT_CONVERSION = YES;
				CLANG_WARN_DEPRECATED_OBJC_IMPLEMENTATIONS = YES;
				CLANG_WARN_DIRECT_OBJC_ISA_USAGE = YES_ERROR;
				CLANG_WARN_DOCUMENTATION_COMMENTS = YES;
				CLANG_WARN_EMPTY_BODY = YES;
				CLANG_WARN_ENUM_CONVERSION = YES;
				CLANG_WARN_INFINITE_RECURSION = YES;
				CLANG_WARN_INT_CONVERSION = YES;
				CLANG_WARN_NON_LITERAL_NULL_CONVERSION = YES;
				CLANG_WARN_OBJC_IMPLICIT_RETAIN_SELF = YES;
				CLANG_WARN_OBJC_LITERAL_CONVERSION = YES;
				CLANG_WARN_OBJC_ROOT_CLASS = YES_ERROR;
				CLANG_WARN_QUOTED_INCLUDE_IN_FRAMEWORK_HEADER = YES;
				CLANG_WARN_RANGE_LOOP_ANALYSIS = YES;
				CLANG_WARN_STRICT_PROTOTYPES = YES;
				CLANG_WARN_SUSPICIOUS_MOVE = YES;
				CLANG_WARN_UNGUARDED_AVAILABILITY = YES_AGGRESSIVE;
				CLANG_WARN_UNREACHABLE_CODE = YES;
				CLANG_WARN__DUPLICATE_METHOD_MATCH = YES;
				COPY_PHASE_STRIP = NO;
				DEBUG_INFORMATION_FORMAT = dwarf;
				ENABLE_STRICT_OBJC_MSGSEND = YES;
				ENABLE_TESTABILITY = YES;
				GCC_C_LANGUAGE_STANDARD = gnu11;
				GCC_DYNAMIC_NO_PIC = NO;
				GCC_NO_COMMON_BLOCKS = YES;
				GCC_OPTIMIZATION_LEVEL = 0;
				GCC_PREPROCESSOR_DEFINITIONS = (
					"DEBUG=1",
					"$(inherited)",
				);
				GCC_WARN_64_TO_32_BIT_CONVERSION = YES;
				GCC_WARN_ABOUT_RETURN_TYPE = YES_ERROR;
				GCC_WARN_UNDECLARED_SELECTOR = YES;
				GCC_WARN_UNINITIALIZED_AUTOS = YES_AGGRESSIVE;
				GCC_WARN_UNUSED_FUNCTION = YES;
				GCC_WARN_UNUSED_VARIABLE = YES;
				IPHONEOS_DEPLOYMENT_TARGET = 16.2;
				MTL_ENABLE_DEBUG_INFO = INCLUDE_SOURCE;
				MTL_FAST_MATH = YES;
				ONLY_ACTIVE_ARCH = YES;
				SDKROOT = iphoneos;
				SWIFT_ACTIVE_COMPILATION_CONDITIONS = DEBUG;
				SWIFT_OPTIMIZATION_LEVEL = "-Onone";
			};
			name = Debug;
		};
		1C7382EB29C82B730091D080 /* Release */ = {
			isa = XCBuildConfiguration;
			buildSettings = {
				ALWAYS_SEARCH_USER_PATHS = NO;
				CLANG_ANALYZER_NONNULL = YES;
				CLANG_ANALYZER_NUMBER_OBJECT_CONVERSION = YES_AGGRESSIVE;
				CLANG_CXX_LANGUAGE_STANDARD = "gnu++20";
				CLANG_ENABLE_MODULES = YES;
				CLANG_ENABLE_OBJC_ARC = YES;
				CLANG_ENABLE_OBJC_WEAK = YES;
				CLANG_WARN_BLOCK_CAPTURE_AUTORELEASING = YES;
				CLANG_WARN_BOOL_CONVERSION = YES;
				CLANG_WARN_COMMA = YES;
				CLANG_WARN_CONSTANT_CONVERSION = YES;
				CLANG_WARN_DEPRECATED_OBJC_IMPLEMENTATIONS = YES;
				CLANG_WARN_DIRECT_OBJC_ISA_USAGE = YES_ERROR;
				CLANG_WARN_DOCUMENTATION_COMMENTS = YES;
				CLANG_WARN_EMPTY_BODY = YES;
				CLANG_WARN_ENUM_CONVERSION = YES;
				CLANG_WARN_INFINITE_RECURSION = YES;
				CLANG_WARN_INT_CONVERSION = YES;
				CLANG_WARN_NON_LITERAL_NULL_CONVERSION = YES;
				CLANG_WARN_OBJC_IMPLICIT_RETAIN_SELF = YES;
				CLANG_WARN_OBJC_LITERAL_CONVERSION = YES;
				CLANG_WARN_OBJC_ROOT_CLASS = YES_ERROR;
				CLANG_WARN_QUOTED_INCLUDE_IN_FRAMEWORK_HEADER = YES;
				CLANG_WARN_RANGE_LOOP_ANALYSIS = YES;
				CLANG_WARN_STRICT_PROTOTYPES = YES;
				CLANG_WARN_SUSPICIOUS_MOVE = YES;
				CLANG_WARN_UNGUARDED_AVAILABILITY = YES_AGGRESSIVE;
				CLANG_WARN_UNREACHABLE_CODE = YES;
				CLANG_WARN__DUPLICATE_METHOD_MATCH = YES;
				COPY_PHASE_STRIP = NO;
				DEBUG_INFORMATION_FORMAT = "dwarf-with-dsym";
				ENABLE_NS_ASSERTIONS = NO;
				ENABLE_STRICT_OBJC_MSGSEND = YES;
				GCC_C_LANGUAGE_STANDARD = gnu11;
				GCC_NO_COMMON_BLOCKS = YES;
				GCC_WARN_64_TO_32_BIT_CONVERSION = YES;
				GCC_WARN_ABOUT_RETURN_TYPE = YES_ERROR;
				GCC_WARN_UNDECLARED_SELECTOR = YES;
				GCC_WARN_UNINITIALIZED_AUTOS = YES_AGGRESSIVE;
				GCC_WARN_UNUSED_FUNCTION = YES;
				GCC_WARN_UNUSED_VARIABLE = YES;
				IPHONEOS_DEPLOYMENT_TARGET = 16.2;
				MTL_ENABLE_DEBUG_INFO = NO;
				MTL_FAST_MATH = YES;
				SDKROOT = iphoneos;
				SWIFT_COMPILATION_MODE = wholemodule;
				SWIFT_OPTIMIZATION_LEVEL = "-O";
				VALIDATE_PRODUCT = YES;
			};
			name = Release;
		};
		1C7382ED29C82B730091D080 /* Debug */ = {
			isa = XCBuildConfiguration;
			buildSettings = {
				ASSETCATALOG_COMPILER_APPICON_NAME = AppIcon;
				ASSETCATALOG_COMPILER_GLOBAL_ACCENT_COLOR_NAME = AccentColor;
				CODE_SIGN_ENTITLEMENTS = PingOneWalletSample/PingOneWalletSample.entitlements;
				CODE_SIGN_STYLE = Automatic;
				CURRENT_PROJECT_VERSION = 27;
				DEVELOPMENT_TEAM = YZYUGL7S48;
				GENERATE_INFOPLIST_FILE = YES;
				INFOPLIST_FILE = PingOneWalletSample/Info.plist;
				INFOPLIST_KEY_NSCameraUsageDescription = "Camera required to scan QR codes for pairing and credential verification";
				INFOPLIST_KEY_NSFaceIDUsageDescription = "Required for unlocking storage";
				INFOPLIST_KEY_UIApplicationSupportsIndirectInputEvents = YES;
				INFOPLIST_KEY_UILaunchStoryboardName = LaunchScreen;
				INFOPLIST_KEY_UIMainStoryboardFile = Main;
				INFOPLIST_KEY_UISupportedInterfaceOrientations_iPad = "UIInterfaceOrientationPortrait UIInterfaceOrientationPortraitUpsideDown UIInterfaceOrientationLandscapeLeft UIInterfaceOrientationLandscapeRight";
				INFOPLIST_KEY_UISupportedInterfaceOrientations_iPhone = "UIInterfaceOrientationPortrait UIInterfaceOrientationLandscapeLeft UIInterfaceOrientationLandscapeRight";
				IPHONEOS_DEPLOYMENT_TARGET = 13.0;
				LD_RUNPATH_SEARCH_PATHS = (
					"$(inherited)",
					"@executable_path/Frameworks",
				);
				MARKETING_VERSION = 2.0.3;
				PRODUCT_BUNDLE_IDENTIFIER = com.pingidentity.pingonewallet.sample;
				PRODUCT_NAME = "$(TARGET_NAME)";
				SUPPORTED_PLATFORMS = "iphoneos iphonesimulator";
				SUPPORTS_MACCATALYST = NO;
				SUPPORTS_MAC_DESIGNED_FOR_IPHONE_IPAD = NO;
				SWIFT_EMIT_LOC_STRINGS = YES;
				SWIFT_VERSION = 5.0;
				TARGETED_DEVICE_FAMILY = "1,2";
			};
			name = Debug;
		};
		1C7382EE29C82B730091D080 /* Release */ = {
			isa = XCBuildConfiguration;
			buildSettings = {
				ASSETCATALOG_COMPILER_APPICON_NAME = AppIcon;
				ASSETCATALOG_COMPILER_GLOBAL_ACCENT_COLOR_NAME = AccentColor;
				CODE_SIGN_ENTITLEMENTS = PingOneWalletSample/PingOneWalletSample.entitlements;
				CODE_SIGN_STYLE = Automatic;
				CURRENT_PROJECT_VERSION = 27;
				DEVELOPMENT_TEAM = YZYUGL7S48;
				GENERATE_INFOPLIST_FILE = YES;
				INFOPLIST_FILE = PingOneWalletSample/Info.plist;
				INFOPLIST_KEY_NSCameraUsageDescription = "Camera required to scan QR codes for pairing and credential verification";
				INFOPLIST_KEY_NSFaceIDUsageDescription = "Required for unlocking storage";
				INFOPLIST_KEY_UIApplicationSupportsIndirectInputEvents = YES;
				INFOPLIST_KEY_UILaunchStoryboardName = LaunchScreen;
				INFOPLIST_KEY_UIMainStoryboardFile = Main;
				INFOPLIST_KEY_UISupportedInterfaceOrientations_iPad = "UIInterfaceOrientationPortrait UIInterfaceOrientationPortraitUpsideDown UIInterfaceOrientationLandscapeLeft UIInterfaceOrientationLandscapeRight";
				INFOPLIST_KEY_UISupportedInterfaceOrientations_iPhone = "UIInterfaceOrientationPortrait UIInterfaceOrientationLandscapeLeft UIInterfaceOrientationLandscapeRight";
				IPHONEOS_DEPLOYMENT_TARGET = 13.0;
				LD_RUNPATH_SEARCH_PATHS = (
					"$(inherited)",
					"@executable_path/Frameworks",
				);
				MARKETING_VERSION = 2.0.3;
				PRODUCT_BUNDLE_IDENTIFIER = com.pingidentity.pingonewallet.sample;
				PRODUCT_NAME = "$(TARGET_NAME)";
				SUPPORTED_PLATFORMS = "iphoneos iphonesimulator";
				SUPPORTS_MACCATALYST = NO;
				SUPPORTS_MAC_DESIGNED_FOR_IPHONE_IPAD = NO;
				SWIFT_EMIT_LOC_STRINGS = YES;
				SWIFT_VERSION = 5.0;
				TARGETED_DEVICE_FAMILY = "1,2";
			};
			name = Release;
		};
		1C7382F029C82B730091D080 /* Debug */ = {
			isa = XCBuildConfiguration;
			buildSettings = {
				ALWAYS_EMBED_SWIFT_STANDARD_LIBRARIES = YES;
				BUNDLE_LOADER = "$(TEST_HOST)";
				CODE_SIGN_STYLE = Automatic;
				CURRENT_PROJECT_VERSION = 1;
				DEVELOPMENT_TEAM = YZYUGL7S48;
				GENERATE_INFOPLIST_FILE = YES;
				IPHONEOS_DEPLOYMENT_TARGET = 16.2;
				MARKETING_VERSION = 1.0;
				PRODUCT_BUNDLE_IDENTIFIER = com.pingidentity.PingOneWalletSampleTests;
				PRODUCT_NAME = "$(TARGET_NAME)";
				SWIFT_EMIT_LOC_STRINGS = NO;
				SWIFT_VERSION = 5.0;
				TARGETED_DEVICE_FAMILY = "1,2";
				TEST_HOST = "$(BUILT_PRODUCTS_DIR)/PingOneWalletSample.app/$(BUNDLE_EXECUTABLE_FOLDER_PATH)/PingOneWalletSample";
			};
			name = Debug;
		};
		1C7382F129C82B730091D080 /* Release */ = {
			isa = XCBuildConfiguration;
			buildSettings = {
				ALWAYS_EMBED_SWIFT_STANDARD_LIBRARIES = YES;
				BUNDLE_LOADER = "$(TEST_HOST)";
				CODE_SIGN_STYLE = Automatic;
				CURRENT_PROJECT_VERSION = 1;
				DEVELOPMENT_TEAM = YZYUGL7S48;
				GENERATE_INFOPLIST_FILE = YES;
				IPHONEOS_DEPLOYMENT_TARGET = 16.2;
				MARKETING_VERSION = 1.0;
				PRODUCT_BUNDLE_IDENTIFIER = com.pingidentity.PingOneWalletSampleTests;
				PRODUCT_NAME = "$(TARGET_NAME)";
				SWIFT_EMIT_LOC_STRINGS = NO;
				SWIFT_VERSION = 5.0;
				TARGETED_DEVICE_FAMILY = "1,2";
				TEST_HOST = "$(BUILT_PRODUCTS_DIR)/PingOneWalletSample.app/$(BUNDLE_EXECUTABLE_FOLDER_PATH)/PingOneWalletSample";
			};
			name = Release;
		};
		1C7382F329C82B730091D080 /* Debug */ = {
			isa = XCBuildConfiguration;
			buildSettings = {
				ALWAYS_EMBED_SWIFT_STANDARD_LIBRARIES = YES;
				CODE_SIGN_STYLE = Automatic;
				CURRENT_PROJECT_VERSION = 1;
				DEVELOPMENT_TEAM = YZYUGL7S48;
				GENERATE_INFOPLIST_FILE = YES;
				MARKETING_VERSION = 1.0;
				PRODUCT_BUNDLE_IDENTIFIER = com.pingidentity.PingOneWalletSampleUITests;
				PRODUCT_NAME = "$(TARGET_NAME)";
				SWIFT_EMIT_LOC_STRINGS = NO;
				SWIFT_VERSION = 5.0;
				TARGETED_DEVICE_FAMILY = "1,2";
				TEST_TARGET_NAME = PingOneWalletSample;
			};
			name = Debug;
		};
		1C7382F429C82B730091D080 /* Release */ = {
			isa = XCBuildConfiguration;
			buildSettings = {
				ALWAYS_EMBED_SWIFT_STANDARD_LIBRARIES = YES;
				CODE_SIGN_STYLE = Automatic;
				CURRENT_PROJECT_VERSION = 1;
				DEVELOPMENT_TEAM = YZYUGL7S48;
				GENERATE_INFOPLIST_FILE = YES;
				MARKETING_VERSION = 1.0;
				PRODUCT_BUNDLE_IDENTIFIER = com.pingidentity.PingOneWalletSampleUITests;
				PRODUCT_NAME = "$(TARGET_NAME)";
				SWIFT_EMIT_LOC_STRINGS = NO;
				SWIFT_VERSION = 5.0;
				TARGETED_DEVICE_FAMILY = "1,2";
				TEST_TARGET_NAME = PingOneWalletSample;
			};
			name = Release;
		};
/* End XCBuildConfiguration section */

/* Begin XCConfigurationList section */
		1C7382BD29C82B710091D080 /* Build configuration list for PBXProject "PingOneWalletSample" */ = {
			isa = XCConfigurationList;
			buildConfigurations = (
				1C7382EA29C82B730091D080 /* Debug */,
				1C7382EB29C82B730091D080 /* Release */,
			);
			defaultConfigurationIsVisible = 0;
			defaultConfigurationName = Release;
		};
		1C7382EC29C82B730091D080 /* Build configuration list for PBXNativeTarget "PingOneWalletSample" */ = {
			isa = XCConfigurationList;
			buildConfigurations = (
				1C7382ED29C82B730091D080 /* Debug */,
				1C7382EE29C82B730091D080 /* Release */,
			);
			defaultConfigurationIsVisible = 0;
			defaultConfigurationName = Release;
		};
		1C7382EF29C82B730091D080 /* Build configuration list for PBXNativeTarget "PingOneWalletSampleTests" */ = {
			isa = XCConfigurationList;
			buildConfigurations = (
				1C7382F029C82B730091D080 /* Debug */,
				1C7382F129C82B730091D080 /* Release */,
			);
			defaultConfigurationIsVisible = 0;
			defaultConfigurationName = Release;
		};
		1C7382F229C82B730091D080 /* Build configuration list for PBXNativeTarget "PingOneWalletSampleUITests" */ = {
			isa = XCConfigurationList;
			buildConfigurations = (
				1C7382F329C82B730091D080 /* Debug */,
				1C7382F429C82B730091D080 /* Release */,
			);
			defaultConfigurationIsVisible = 0;
			defaultConfigurationName = Release;
		};
/* End XCConfigurationList section */

/* Begin XCRemoteSwiftPackageReference section */
		1CB650B529C82E01008F25F7 /* XCRemoteSwiftPackageReference "SVGKit" */ = {
			isa = XCRemoteSwiftPackageReference;
			repositoryURL = "https://github.com/bhavyachauhan-ping/SVGKit";
			requirement = {
				branch = 3.x;
				kind = branch;
			};
		};
/* End XCRemoteSwiftPackageReference section */

/* Begin XCSwiftPackageProductDependency section */
		1CB650B629C82E01008F25F7 /* SVGKit */ = {
			isa = XCSwiftPackageProductDependency;
			package = 1CB650B529C82E01008F25F7 /* XCRemoteSwiftPackageReference "SVGKit" */;
			productName = SVGKit;
		};
/* End XCSwiftPackageProductDependency section */
	};
	rootObject = 1C7382BA29C82B710091D080 /* Project object */;
}
